<?xml version="1.0" encoding="utf-8"?>
<Project ToolsVersion="4.0" xmlns="http://schemas.microsoft.com/developer/msbuild/2003">
  <ItemGroup>
    <Filter Include="Source Files">
      <UniqueIdentifier>{4FC737F1-C7A5-4376-A066-2A32D752A2FF}</UniqueIdentifier>
      <Extensions>cpp;c;cc;cxx;def;odl;idl;hpj;bat;asm;asmx</Extensions>
    </Filter>
    <Filter Include="Header Files">
      <UniqueIdentifier>{93995380-89BD-4b04-88EB-625FBE52EBFB}</UniqueIdentifier>
      <Extensions>h;hh;hpp;hxx;hm;inl;inc;xsd</Extensions>
    </Filter>
    <Filter Include="Resource Files">
      <UniqueIdentifier>{67DA6AB6-F800-4c08-8B7A-83BB121AAD01}</UniqueIdentifier>
      <Extensions>rc;ico;cur;bmp;dlg;rc2;rct;bin;rgs;gif;jpg;jpeg;jpe;resx;tiff;tif;png;wav;mfcribbon-ms</Extensions>
    </Filter>
    <Filter Include="Header Files\boost_test_ex">
      <UniqueIdentifier>{23b24767-84a2-4768-a182-63cb8ea0240c}</UniqueIdentifier>
    </Filter>
    <Filter Include="Header Files\propagate_const">
      <UniqueIdentifier>{dbd62ebf-f624-45b6-affe-989fbde2db33}</UniqueIdentifier>
    </Filter>
  </ItemGroup>
  <ItemGroup>
    <ClCompile Include="main.cpp">
      <Filter>Source Files</Filter>
    </ClCompile>
    <ClCompile Include="test_threadsafe_queue.cpp">
      <Filter>Source Files</Filter>
    </ClCompile>
    <ClCompile Include="test_active.cpp">
      <Filter>Source Files</Filter>
    </ClCompile>
    <ClCompile Include="test_has_field.cpp">
      <Filter>Source Files</Filter>
    </ClCompile>
    <ClCompile Include="test_exception_catcher.cpp">
      <Filter>Source Files</Filter>
    </ClCompile>
    <ClCompile Include="test_integer_cast.cpp">
      <Filter>Source Files</Filter>
    </ClCompile>
    <ClCompile Include="test_enum_traits.cpp">
      <Filter>Source Files</Filter>
    </ClCompile>
    <ClCompile Include="test_factory.cpp">
      <Filter>Source Files</Filter>
    </ClCompile>
    <ClCompile Include="test_safe_invoke.cpp">
      <Filter>Source Files</Filter>
    </ClCompile>
    <ClCompile Include="test_match.cpp">
      <Filter>Source Files</Filter>
    </ClCompile>
    <ClCompile Include="test_blocks_pool.cpp">
      <Filter>Source Files</Filter>
    </ClCompile>
    <ClCompile Include="test_threadsafe_limited_queue.cpp">
      <Filter>Source Files</Filter>
    </ClCompile>
    <ClCompile Include="test_threadsafe_limited_stack.cpp">
      <Filter>Source Files</Filter>
    </ClCompile>
    <ClCompile Include="test_threadsafe_list.cpp">
      <Filter>Source Files</Filter>
    </ClCompile>
    <ClCompile Include="test_free_function_helper.cpp">
      <Filter>Source Files</Filter>
    </ClCompile>
    <ClCompile Include="test_event.cpp">
      <Filter>Source Files</Filter>
    </ClCompile>
    <ClCompile Include="test_multi_active.cpp">
      <Filter>Source Files</Filter>
    </ClCompile>
    <ClCompile Include="test_connection.cpp">
      <Filter>Source Files</Filter>
    </ClCompile>
    <ClCompile Include="test_string_utils.cpp">
      <Filter>Source Files</Filter>
    </ClCompile>
  </ItemGroup>
  <ItemGroup>
    <ClInclude Include="..\..\include\utils\active.hpp">
      <Filter>Header Files</Filter>
    </ClInclude>
    <ClInclude Include="..\..\include\utils\blocks_pool.hpp">
      <Filter>Header Files</Filter>
    </ClInclude>
    <ClInclude Include="..\..\include\utils\disable_crash_dialog.hpp">
      <Filter>Header Files</Filter>
    </ClInclude>
    <ClInclude Include="..\..\include\utils\event.hpp">
      <Filter>Header Files</Filter>
    </ClInclude>
    <ClInclude Include="..\..\include\utils\exception_catcher.hpp">
      <Filter>Header Files</Filter>
    </ClInclude>
    <ClInclude Include="..\..\include\utils\has_field.hpp">
      <Filter>Header Files</Filter>
    </ClInclude>
    <ClInclude Include="..\..\include\utils\pointer_cast.hpp">
      <Filter>Header Files</Filter>
    </ClInclude>
    <ClInclude Include="..\..\include\utils\propagate_const.hpp">
      <Filter>Header Files</Filter>
    </ClInclude>
    <ClInclude Include="..\..\include\utils\threadsafe_queue.hpp">
      <Filter>Header Files</Filter>
    </ClInclude>
    <ClInclude Include="..\..\include\utils\boost_test_ex\check_close_collections.hpp">
      <Filter>Header Files\boost_test_ex</Filter>
    </ClInclude>
    <ClInclude Include="..\..\include\utils\propagate_const\propagate_const.hpp">
      <Filter>Header Files\propagate_const</Filter>
    </ClInclude>
    <ClInclude Include="..\..\include\utils\integer_cast.hpp">
      <Filter>Header Files</Filter>
    </ClInclude>
    <ClInclude Include="..\..\include\utils\enum_traits.hpp">
      <Filter>Header Files</Filter>
    </ClInclude>
    <ClInclude Include="..\..\include\utils\factory.hpp">
      <Filter>Header Files</Filter>
    </ClInclude>
    <ClInclude Include="..\..\include\utils\safe_invoke.hpp">
      <Filter>Header Files</Filter>
    </ClInclude>
    <ClInclude Include="..\..\include\utils\threadsafe_limited_stack.hpp">
      <Filter>Header Files</Filter>
    </ClInclude>
    <ClInclude Include="..\..\include\utils\threadsafe_limited_queue.hpp">
      <Filter>Header Files</Filter>
    </ClInclude>
    <ClInclude Include="..\..\include\utils\threadsafe_list.hpp">
      <Filter>Header Files</Filter>
    </ClInclude>
    <ClInclude Include="..\..\include\utils\match.hpp">
      <Filter>Header Files</Filter>
    </ClInclude>
    <ClInclude Include="..\..\include\utils\overloaded.hpp">
      <Filter>Header Files</Filter>
    </ClInclude>
    <ClInclude Include="..\..\include\utils\free_function_helper.hpp">
      <Filter>Header Files</Filter>
    </ClInclude>
    <ClInclude Include="..\..\include\utils\generate_has_member.hpp">
      <Filter>Header Files</Filter>
    </ClInclude>
    <ClInclude Include="..\..\include\utils\qstring_convert.hpp">
      <Filter>Header Files</Filter>
    </ClInclude>
    <ClInclude Include="..\..\include\utils\multi_active.hpp">
      <Filter>Header Files</Filter>
    </ClInclude>
    <ClInclude Include="..\..\include\utils\thread_name.hpp">
      <Filter>Header Files</Filter>
    </ClInclude>
    <ClInclude Include="..\..\include\utils\logging.hpp">
      <Filter>Header Files</Filter>
    </ClInclude>
    <ClInclude Include="..\..\include\utils\logger.hpp">
      <Filter>Header Files</Filter>
    </ClInclude>
    <ClInclude Include="..\..\include\utils\pimpl.hpp">
      <Filter>Header Files</Filter>
    </ClInclude>
    <ClInclude Include="..\..\include\utils\threadsafe_queue_batch.hpp">
      <Filter>Header Files</Filter>
    </ClInclude>
    <ClInclude Include="..\..\include\utils\parameters.hpp">
      <Filter>Header Files</Filter>
    </ClInclude>
    <ClInclude Include="..\..\include\utils\connection.hpp">
      <Filter>Header Files</Filter>
    </ClInclude>
    <ClInclude Include="..\..\include\utils\signals_wait.hpp">
      <Filter>Header Files</Filter>
    </ClInclude>
    <ClInclude Include="..\..\include\utils\string_utils.hpp">
      <Filter>Header Files</Filter>
    </ClInclude>
  </ItemGroup>
</Project>